
Microsoft Visual Studio Solution File, Format Version 12.00
# Visual Studio 15
VisualStudioVersion = 15.0.28307.960
MinimumVisualStudioVersion = 10.0.40219.1
Project("{2150E333-8FDC-42A3-9474-1A3956D46DE8}") = "Test", "Test", "{E0E2696E-BA2D-4141-B792-16CBB6359B0D}"
EndProject
Project("{9A19103F-16F7-4668-BE54-9A1E7A4F7556}") = "User.Api.Unit.Tests", "User.Api.Unit.Tests\User.Api.Unit.Tests.csproj", "{489CBE41-3EB3-4204-ABA1-E3FE450A407F}"
EndProject
Project("{9A19103F-16F7-4668-BE54-9A1E7A4F7556}") = "User.Identity", "User.Identity\User.Identity.csproj", "{D942DD91-3517-4D51-8F14-159AF3E21BE7}"
EndProject
Project("{9A19103F-16F7-4668-BE54-9A1E7A4F7556}") = "Consul", "Consul\Consul.csproj", "{D064462D-CE0D-4DDD-BDF4-9D176D33F4AC}"
EndProject
Project("{9A19103F-16F7-4668-BE54-9A1E7A4F7556}") = "Gateway.Api", "Api.Gateway\Gateway.Api.csproj", "{14F8723C-66E6-416E-8C04-57F6E7D2514B}"
EndProject
Project("{9A19103F-16F7-4668-BE54-9A1E7A4F7556}") = "User.Api", "User.Api\User.Api.csproj", "{F7D57B49-4451-4017-AAFE-32EFBDF183D7}"
EndProject
Project("{9A19103F-16F7-4668-BE54-9A1E7A4F7556}") = "User.Api01", "User.Api01\User.Api01.csproj", "{2C04C196-228E-41EA-8A0D-E71394CFC03B}"
EndProject
Project("{2150E333-8FDC-42A3-9474-1A3956D46DE8}") = "BuildingBlocks", "BuildingBlocks", "{D41629E0-DE7A-4294-A02D-4B94516C845A}"
EndProject
Project("{9A19103F-16F7-4668-BE54-9A1E7A4F7556}") = "Resillience", "Resillience\Resillience.csproj", "{4ABCACDC-1080-440C-A21C-F2BC046B1426}"
EndProject
Project("{9A19103F-16F7-4668-BE54-9A1E7A4F7556}") = "Contract.Api", "Contract.Api\Contract.Api.csproj", "{34E5E783-A606-4CC6-9403-AAFA59247260}"
EndProject
Global
	GlobalSection(SolutionConfigurationPlatforms) = preSolution
		Debug|Any CPU = Debug|Any CPU
		Release|Any CPU = Release|Any CPU
	EndGlobalSection
	GlobalSection(ProjectConfigurationPlatforms) = postSolution
		{489CBE41-3EB3-4204-ABA1-E3FE450A407F}.Debug|Any CPU.ActiveCfg = Debug|Any CPU
		{489CBE41-3EB3-4204-ABA1-E3FE450A407F}.Debug|Any CPU.Build.0 = Debug|Any CPU
		{489CBE41-3EB3-4204-ABA1-E3FE450A407F}.Release|Any CPU.ActiveCfg = Release|Any CPU
		{489CBE41-3EB3-4204-ABA1-E3FE450A407F}.Release|Any CPU.Build.0 = Release|Any CPU
		{D942DD91-3517-4D51-8F14-159AF3E21BE7}.Debug|Any CPU.ActiveCfg = Debug|Any CPU
		{D942DD91-3517-4D51-8F14-159AF3E21BE7}.Debug|Any CPU.Build.0 = Debug|Any CPU
		{D942DD91-3517-4D51-8F14-159AF3E21BE7}.Release|Any CPU.ActiveCfg = Release|Any CPU
		{D942DD91-3517-4D51-8F14-159AF3E21BE7}.Release|Any CPU.Build.0 = Release|Any CPU
		{D064462D-CE0D-4DDD-BDF4-9D176D33F4AC}.Debug|Any CPU.ActiveCfg = Debug|Any CPU
		{D064462D-CE0D-4DDD-BDF4-9D176D33F4AC}.Debug|Any CPU.Build.0 = Debug|Any CPU
		{D064462D-CE0D-4DDD-BDF4-9D176D33F4AC}.Release|Any CPU.ActiveCfg = Release|Any CPU
		{D064462D-CE0D-4DDD-BDF4-9D176D33F4AC}.Release|Any CPU.Build.0 = Release|Any CPU
		{14F8723C-66E6-416E-8C04-57F6E7D2514B}.Debug|Any CPU.ActiveCfg = Debug|Any CPU
		{14F8723C-66E6-416E-8C04-57F6E7D2514B}.Debug|Any CPU.Build.0 = Debug|Any CPU
		{14F8723C-66E6-416E-8C04-57F6E7D2514B}.Release|Any CPU.ActiveCfg = Release|Any CPU
		{14F8723C-66E6-416E-8C04-57F6E7D2514B}.Release|Any CPU.Build.0 = Release|Any CPU
		{F7D57B49-4451-4017-AAFE-32EFBDF183D7}.Debug|Any CPU.ActiveCfg = Debug|Any CPU
		{F7D57B49-4451-4017-AAFE-32EFBDF183D7}.Debug|Any CPU.Build.0 = Debug|Any CPU
		{F7D57B49-4451-4017-AAFE-32EFBDF183D7}.Release|Any CPU.ActiveCfg = Release|Any CPU
		{F7D57B49-4451-4017-AAFE-32EFBDF183D7}.Release|Any CPU.Build.0 = Release|Any CPU
		{2C04C196-228E-41EA-8A0D-E71394CFC03B}.Debug|Any CPU.ActiveCfg = Debug|Any CPU
		{2C04C196-228E-41EA-8A0D-E71394CFC03B}.Debug|Any CPU.Build.0 = Debug|Any CPU
		{2C04C196-228E-41EA-8A0D-E71394CFC03B}.Release|Any CPU.ActiveCfg = Release|Any CPU
		{2C04C196-228E-41EA-8A0D-E71394CFC03B}.Release|Any CPU.Build.0 = Release|Any CPU
		{4ABCACDC-1080-440C-A21C-F2BC046B1426}.Debug|Any CPU.ActiveCfg = Debug|Any CPU
		{4ABCACDC-1080-440C-A21C-F2BC046B1426}.Debug|Any CPU.Build.0 = Debug|Any CPU
		{4ABCACDC-1080-440C-A21C-F2BC046B1426}.Release|Any CPU.ActiveCfg = Release|Any CPU
		{4ABCACDC-1080-440C-A21C-F2BC046B1426}.Release|Any CPU.Build.0 = Release|Any CPU
		{34E5E783-A606-4CC6-9403-AAFA59247260}.Debug|Any CPU.ActiveCfg = Debug|Any CPU
		{34E5E783-A606-4CC6-9403-AAFA59247260}.Debug|Any CPU.Build.0 = Debug|Any CPU
		{34E5E783-A606-4CC6-9403-AAFA59247260}.Release|Any CPU.ActiveCfg = Release|Any CPU
		{34E5E783-A606-4CC6-9403-AAFA59247260}.Release|Any CPU.Build.0 = Release|Any CPU
	EndGlobalSection
	GlobalSection(SolutionProperties) = preSolution
		HideSolutionNode = FALSE
	EndGlobalSection
	GlobalSection(NestedProjects) = preSolution
		{489CBE41-3EB3-4204-ABA1-E3FE450A407F} = {E0E2696E-BA2D-4141-B792-16CBB6359B0D}
		{4ABCACDC-1080-440C-A21C-F2BC046B1426} = {D41629E0-DE7A-4294-A02D-4B94516C845A}
	EndGlobalSection
	GlobalSection(ExtensibilityGlobals) = postSolution
		SolutionGuid = {AAA38890-546D-4847-B0EA-870EAE0D34AA}
	EndGlobalSection
EndGlobal
